
Microsoft Visual Studio Solution File, Format Version 12.00
# Visual Studio Version 17
VisualStudioVersion = 17.2.32616.157
MinimumVisualStudioVersion = 10.0.40219.1
Project("{FAE04EC0-301F-11D3-BF4B-00C04F79EFBC}") = "Boardgames", "Boardgames.csproj", "{CCD97711-438A-4579-B8BD-551BF6BF3985}"
EndProject
Global
	GlobalSection(SolutionConfigurationPlatforms) = preSolution
		Debug|Any CPU = Debug|Any CPU
		Release|Any CPU = Release|Any CPU
	EndGlobalSection
	GlobalSection(ProjectConfigurationPlatforms) = postSolution
		{CCD97711-438A-4579-B8BD-551BF6BF3985}.Debug|Any CPU.ActiveCfg = Debug|Any CPU
		{CCD97711-438A-4579-B8BD-551BF6BF3985}.Debug|Any CPU.Build.0 = Debug|Any CPU
		{CCD97711-438A-4579-B8BD-551BF6BF3985}.Release|Any CPU.ActiveCfg = Release|Any CPU
		{CCD97711-438A-4579-B8BD-551BF6BF3985}.Release|Any CPU.Build.0 = Release|Any CPU
	EndGlobalSection
	GlobalSection(SolutionProperties) = preSolution
		HideSolutionNode = FALSE
	EndGlobalSection
	GlobalSection(ExtensibilityGlobals) = postSolution
		SolutionGuid = {E4190737-8C41-41DF-9533-62A3BCED084A}
	EndGlobalSection
EndGlobal
